# This file is generated by running "yarn install" inside your project.
# Manual changes might be lost - proceed with caution!

__metadata:
  version: 8
  cacheKey: 10c0

"@elm_binaries/darwin_arm64@npm:0.19.1-0":
  version: 0.19.1-0
  resolution: "@elm_binaries/darwin_arm64@npm:0.19.1-0"
  conditions: os=darwin & cpu=arm64
  languageName: node
  linkType: hard

"@elm_binaries/darwin_x64@npm:0.19.1-0":
  version: 0.19.1-0
  resolution: "@elm_binaries/darwin_x64@npm:0.19.1-0"
  conditions: os=darwin & cpu=x64
  languageName: node
  linkType: hard

"@elm_binaries/linux_x64@npm:0.19.1-0":
  version: 0.19.1-0
  resolution: "@elm_binaries/linux_x64@npm:0.19.1-0"
  conditions: os=linux & cpu=x64
  languageName: node
  linkType: hard

"@elm_binaries/win32_x64@npm:0.19.1-0":
  version: 0.19.1-0
  resolution: "@elm_binaries/win32_x64@npm:0.19.1-0"
  conditions: os=win32 & cpu=x64
  languageName: node
  linkType: hard

"elm-cardano-starter@workspace:.":
  version: 0.0.0-use.local
  resolution: "elm-cardano-starter@workspace:."
  dependencies:
    elm: "npm:^0.19.1-6"
    elm-cardano: "npm:^0.7.0"
    uglify-js: "npm:^3.19.3"
  languageName: unknown
  linkType: soft

"elm-cardano@npm:^0.7.0":
  version: 0.7.0
  resolution: "elm-cardano@npm:0.7.0"
  bin:
    elm-cardano: npm/run.js
  checksum: 10c0/d8baedfbfdee44f7d8983c26c81555673f583d1a22724c4687f0478a578789c0407d32ac9c97a0081ce31d32fc3c50257f2e1ffbcb6dc04ebd4e29c441e6422f
  languageName: node
  linkType: hard

"elm@npm:^0.19.1-6":
  version: 0.19.1-6
  resolution: "elm@npm:0.19.1-6"
  dependencies:
    "@elm_binaries/darwin_arm64": "npm:0.19.1-0"
    "@elm_binaries/darwin_x64": "npm:0.19.1-0"
    "@elm_binaries/linux_x64": "npm:0.19.1-0"
    "@elm_binaries/win32_x64": "npm:0.19.1-0"
  dependenciesMeta:
    "@elm_binaries/darwin_arm64":
      optional: true
    "@elm_binaries/darwin_x64":
      optional: true
    "@elm_binaries/linux_x64":
      optional: true
    "@elm_binaries/win32_x64":
      optional: true
  bin:
    elm: bin/elm
  checksum: 10c0/8fe067b18d66afcc6d843d49ed7fbce7ac93bbdaf9b53fafb57c3396a763ae23b6c8a69346143b6d59bf97e2e57d207a578bd6d4600952babff9934b8643c4c4
  languageName: node
  linkType: hard

"uglify-js@npm:^3.19.3":
  version: 3.19.3
  resolution: "uglify-js@npm:3.19.3"
  bin:
    uglifyjs: bin/uglifyjs
  checksum: 10c0/83b0a90eca35f778e07cad9622b80c448b6aad457c9ff8e568afed978212b42930a95f9e1be943a1ffa4258a3340fbb899f41461131c05bb1d0a9c303aed8479
  languageName: node
  linkType: hard
